
Microsoft Visual Studio Solution File, Format Version 12.00
# Visual Studio Version 17
VisualStudioVersion = 17.1.32210.238
MinimumVisualStudioVersion = 10.0.40219.1
Project("{2150E333-8FDC-42A3-9474-1A3956D46DE8}") = "src", "src", "{CFFB1EB9-6447-4C20-8400-27D7E2B04508}"
EndProject
Project("{2150E333-8FDC-42A3-9474-1A3956D46DE8}") = "tests", "tests", "{1362EA01-9B01-4E17-A8FB-E42730A2AAB1}"
EndProject
Project("{2150E333-8FDC-42A3-9474-1A3956D46DE8}") = "corePackages", "corePackages", "{01B7F227-CE8F-41FD-9AF8-6AF5E5259161}"
EndProject
Project("{2150E333-8FDC-42A3-9474-1A3956D46DE8}") = "demoProjects", "demoProjects", "{84E05683-0E4A-4FB1-8FD4-9F0C509BC74C}"
EndProject
Project("{9A19103F-16F7-4668-BE54-9A1E7A4F7556}") = "Core.Application", "src\corePackages\Core.Application\Core.Application.csproj", "{CD9A8AA1-5CAB-4218-91C5-2550BB86354A}"
EndProject
Project("{9A19103F-16F7-4668-BE54-9A1E7A4F7556}") = "Core.CrossCuttingConcerns", "src\corePackages\Core.CrossCuttingConcers\Core.CrossCuttingConcerns.csproj", "{A6D04B11-0C09-4361-B044-B743F61D9E06}"
EndProject
Project("{9A19103F-16F7-4668-BE54-9A1E7A4F7556}") = "Core.ElasticSearch", "src\corePackages\Core.ElasticSearch\Core.ElasticSearch.csproj", "{EAE0F331-1D99-42F6-9926-34C3EAD78BBF}"
EndProject
Project("{9A19103F-16F7-4668-BE54-9A1E7A4F7556}") = "Core.Mailing", "src\corePackages\Core.Mailing\Core.Mailing.csproj", "{4EA615C5-8C04-4EA1-91DA-C86DA54D2E63}"
EndProject
Project("{9A19103F-16F7-4668-BE54-9A1E7A4F7556}") = "Core.Persistence", "src\corePackages\Core.Persistence\Core.Persistence.csproj", "{54635492-7F95-449B-8C5B-493566F68D4A}"
EndProject
Project("{9A19103F-16F7-4668-BE54-9A1E7A4F7556}") = "Core.Security", "src\corePackages\Core.Security\Core.Security.csproj", "{00AA7CFA-B348-4303-B3D0-40750DA10B94}"
EndProject
Project("{2150E333-8FDC-42A3-9474-1A3956D46DE8}") = "templateProject", "templateProject", "{11C509DD-21AC-415F-B2F2-EB58985F2703}"
EndProject
Project("{9A19103F-16F7-4668-BE54-9A1E7A4F7556}") = "Application", "src\demoProjects\templateProject\Application\Application.csproj", "{78EA22FC-B933-4349-A097-556A076009F1}"
EndProject
Project("{9A19103F-16F7-4668-BE54-9A1E7A4F7556}") = "Domain", "src\demoProjects\templateProject\Domain\Domain.csproj", "{D0D4D281-24C1-4EE0-88D6-01FA18B90442}"
EndProject
Project("{9A19103F-16F7-4668-BE54-9A1E7A4F7556}") = "Infrastructure", "src\demoProjects\templateProject\Infrastructure\Infrastructure.csproj", "{1A88B2CE-A954-4709-B15E-F6F1210AD2FD}"
EndProject
Project("{9A19103F-16F7-4668-BE54-9A1E7A4F7556}") = "Persistence", "src\demoProjects\templateProject\Persistence\Persistence.csproj", "{53D6E924-1C32-4039-8192-CE1BEA129C61}"
EndProject
Project("{9A19103F-16F7-4668-BE54-9A1E7A4F7556}") = "WebAPI", "src\demoProjects\templateProject\WebAPI\WebAPI.csproj", "{54568B1F-31E7-4BA3-A2ED-826E85050603}"
EndProject
Project("{2150E333-8FDC-42A3-9474-1A3956D46DE8}") = "rentACar", "rentACar", "{F8E7FE6A-9431-4FBA-8251-8E9EDA54D67D}"
EndProject
Project("{9A19103F-16F7-4668-BE54-9A1E7A4F7556}") = "RentACar.Application", "src\demoProjects\rentACar\Application\RentACar.Application.csproj", "{2C0FD530-27B9-4C7B-805F-895FAFAB9302}"
EndProject
Project("{9A19103F-16F7-4668-BE54-9A1E7A4F7556}") = "RentACar.Domain", "src\demoProjects\rentACar\Domain\RentACar.Domain.csproj", "{9ADD52AA-6B7D-4934-9150-960D32D24FC5}"
EndProject
Project("{9A19103F-16F7-4668-BE54-9A1E7A4F7556}") = "RentACar.Infrastructure", "src\demoProjects\rentACar\Infrastructure\RentACar.Infrastructure.csproj", "{8BF15FB3-DCF5-4B50-B10A-ECA602931717}"
EndProject
Project("{9A19103F-16F7-4668-BE54-9A1E7A4F7556}") = "RentACar.Persistence", "src\demoProjects\rentACar\Persistence\RentACar.Persistence.csproj", "{750E229F-51EA-402E-8C55-3F4F71501077}"
EndProject
Project("{9A19103F-16F7-4668-BE54-9A1E7A4F7556}") = "RentACar.WebAPI", "src\demoProjects\rentACar\WebAPI\RentACar.WebAPI.csproj", "{80C26227-1367-4F1B-8E40-37419935C7B2}"
EndProject
Project("{2150E333-8FDC-42A3-9474-1A3956D46DE8}") = "Kodlama.io.Devs", "Kodlama.io.Devs", "{BB5FE556-7C54-4BB7-A73D-FA47E95C2BB0}"
EndProject
Project("{9A19103F-16F7-4668-BE54-9A1E7A4F7556}") = "Kodlama.io.Devs.Domain", "src\demoProjects\Kodlama.io.Devs\Kodlama.io.Devs.Domain\Kodlama.io.Devs.Domain.csproj", "{0295DAD2-1CE7-4B9A-9BBE-7151DDE296C5}"
EndProject
Project("{9A19103F-16F7-4668-BE54-9A1E7A4F7556}") = "Kodlama.io.Devs.Infrastructure", "src\demoProjects\Kodlama.io.Devs\Kodlama.io.Devs.Infrastructure\Kodlama.io.Devs.Infrastructure.csproj", "{D86E8082-A362-409E-A99B-48C47FBC3EFC}"
EndProject
Project("{9A19103F-16F7-4668-BE54-9A1E7A4F7556}") = "Kodlama.io.Devs.Persistence", "src\demoProjects\Kodlama.io.Devs\Kodlama.io.Devs.Persistence\Kodlama.io.Devs.Persistence.csproj", "{E34679FA-15DE-4B71-986C-99AA85C60449}"
EndProject
Project("{9A19103F-16F7-4668-BE54-9A1E7A4F7556}") = "Kodlama.io.Devs.Application", "src\demoProjects\Kodlama.io.Devs\Kodlama.io.Devs.Application\Kodlama.io.Devs.Application.csproj", "{4899112D-E575-4F83-87BA-C215B17BFE64}"
EndProject
Project("{FAE04EC0-301F-11D3-BF4B-00C04F79EFBC}") = "Kodlama.io.Devs.WebAPI", "src\demoProjects\Kodlama.io.Devs\Kodlama.io.Devs.WebAPI\Kodlama.io.Devs.WebAPI.csproj", "{E4DA2DBE-B2C5-4E8D-BD1D-870DDDEF3A15}"
EndProject
Global
	GlobalSection(SolutionConfigurationPlatforms) = preSolution
		Debug|Any CPU = Debug|Any CPU
		Release|Any CPU = Release|Any CPU
	EndGlobalSection
	GlobalSection(ProjectConfigurationPlatforms) = postSolution
		{CD9A8AA1-5CAB-4218-91C5-2550BB86354A}.Debug|Any CPU.ActiveCfg = Debug|Any CPU
		{CD9A8AA1-5CAB-4218-91C5-2550BB86354A}.Debug|Any CPU.Build.0 = Debug|Any CPU
		{CD9A8AA1-5CAB-4218-91C5-2550BB86354A}.Release|Any CPU.ActiveCfg = Release|Any CPU
		{CD9A8AA1-5CAB-4218-91C5-2550BB86354A}.Release|Any CPU.Build.0 = Release|Any CPU
		{A6D04B11-0C09-4361-B044-B743F61D9E06}.Debug|Any CPU.ActiveCfg = Debug|Any CPU
		{A6D04B11-0C09-4361-B044-B743F61D9E06}.Debug|Any CPU.Build.0 = Debug|Any CPU
		{A6D04B11-0C09-4361-B044-B743F61D9E06}.Release|Any CPU.ActiveCfg = Release|Any CPU
		{A6D04B11-0C09-4361-B044-B743F61D9E06}.Release|Any CPU.Build.0 = Release|Any CPU
		{EAE0F331-1D99-42F6-9926-34C3EAD78BBF}.Debug|Any CPU.ActiveCfg = Debug|Any CPU
		{EAE0F331-1D99-42F6-9926-34C3EAD78BBF}.Debug|Any CPU.Build.0 = Debug|Any CPU
		{EAE0F331-1D99-42F6-9926-34C3EAD78BBF}.Release|Any CPU.ActiveCfg = Release|Any CPU
		{EAE0F331-1D99-42F6-9926-34C3EAD78BBF}.Release|Any CPU.Build.0 = Release|Any CPU
		{4EA615C5-8C04-4EA1-91DA-C86DA54D2E63}.Debug|Any CPU.ActiveCfg = Debug|Any CPU
		{4EA615C5-8C04-4EA1-91DA-C86DA54D2E63}.Debug|Any CPU.Build.0 = Debug|Any CPU
		{4EA615C5-8C04-4EA1-91DA-C86DA54D2E63}.Release|Any CPU.ActiveCfg = Release|Any CPU
		{4EA615C5-8C04-4EA1-91DA-C86DA54D2E63}.Release|Any CPU.Build.0 = Release|Any CPU
		{54635492-7F95-449B-8C5B-493566F68D4A}.Debug|Any CPU.ActiveCfg = Debug|Any CPU
		{54635492-7F95-449B-8C5B-493566F68D4A}.Debug|Any CPU.Build.0 = Debug|Any CPU
		{54635492-7F95-449B-8C5B-493566F68D4A}.Release|Any CPU.ActiveCfg = Release|Any CPU
		{54635492-7F95-449B-8C5B-493566F68D4A}.Release|Any CPU.Build.0 = Release|Any CPU
		{00AA7CFA-B348-4303-B3D0-40750DA10B94}.Debug|Any CPU.ActiveCfg = Debug|Any CPU
		{00AA7CFA-B348-4303-B3D0-40750DA10B94}.Debug|Any CPU.Build.0 = Debug|Any CPU
		{00AA7CFA-B348-4303-B3D0-40750DA10B94}.Release|Any CPU.ActiveCfg = Release|Any CPU
		{00AA7CFA-B348-4303-B3D0-40750DA10B94}.Release|Any CPU.Build.0 = Release|Any CPU
		{78EA22FC-B933-4349-A097-556A076009F1}.Debug|Any CPU.ActiveCfg = Debug|Any CPU
		{78EA22FC-B933-4349-A097-556A076009F1}.Debug|Any CPU.Build.0 = Debug|Any CPU
		{78EA22FC-B933-4349-A097-556A076009F1}.Release|Any CPU.ActiveCfg = Release|Any CPU
		{78EA22FC-B933-4349-A097-556A076009F1}.Release|Any CPU.Build.0 = Release|Any CPU
		{D0D4D281-24C1-4EE0-88D6-01FA18B90442}.Debug|Any CPU.ActiveCfg = Debug|Any CPU
		{D0D4D281-24C1-4EE0-88D6-01FA18B90442}.Debug|Any CPU.Build.0 = Debug|Any CPU
		{D0D4D281-24C1-4EE0-88D6-01FA18B90442}.Release|Any CPU.ActiveCfg = Release|Any CPU
		{D0D4D281-24C1-4EE0-88D6-01FA18B90442}.Release|Any CPU.Build.0 = Release|Any CPU
		{1A88B2CE-A954-4709-B15E-F6F1210AD2FD}.Debug|Any CPU.ActiveCfg = Debug|Any CPU
		{1A88B2CE-A954-4709-B15E-F6F1210AD2FD}.Debug|Any CPU.Build.0 = Debug|Any CPU
		{1A88B2CE-A954-4709-B15E-F6F1210AD2FD}.Release|Any CPU.ActiveCfg = Release|Any CPU
		{1A88B2CE-A954-4709-B15E-F6F1210AD2FD}.Release|Any CPU.Build.0 = Release|Any CPU
		{53D6E924-1C32-4039-8192-CE1BEA129C61}.Debug|Any CPU.ActiveCfg = Debug|Any CPU
		{53D6E924-1C32-4039-8192-CE1BEA129C61}.Debug|Any CPU.Build.0 = Debug|Any CPU
		{53D6E924-1C32-4039-8192-CE1BEA129C61}.Release|Any CPU.ActiveCfg = Release|Any CPU
		{53D6E924-1C32-4039-8192-CE1BEA129C61}.Release|Any CPU.Build.0 = Release|Any CPU
		{54568B1F-31E7-4BA3-A2ED-826E85050603}.Debug|Any CPU.ActiveCfg = Debug|Any CPU
		{54568B1F-31E7-4BA3-A2ED-826E85050603}.Debug|Any CPU.Build.0 = Debug|Any CPU
		{54568B1F-31E7-4BA3-A2ED-826E85050603}.Release|Any CPU.ActiveCfg = Release|Any CPU
		{54568B1F-31E7-4BA3-A2ED-826E85050603}.Release|Any CPU.Build.0 = Release|Any CPU
		{2C0FD530-27B9-4C7B-805F-895FAFAB9302}.Debug|Any CPU.ActiveCfg = Debug|Any CPU
		{2C0FD530-27B9-4C7B-805F-895FAFAB9302}.Debug|Any CPU.Build.0 = Debug|Any CPU
		{2C0FD530-27B9-4C7B-805F-895FAFAB9302}.Release|Any CPU.ActiveCfg = Release|Any CPU
		{2C0FD530-27B9-4C7B-805F-895FAFAB9302}.Release|Any CPU.Build.0 = Release|Any CPU
		{9ADD52AA-6B7D-4934-9150-960D32D24FC5}.Debug|Any CPU.ActiveCfg = Debug|Any CPU
		{9ADD52AA-6B7D-4934-9150-960D32D24FC5}.Debug|Any CPU.Build.0 = Debug|Any CPU
		{9ADD52AA-6B7D-4934-9150-960D32D24FC5}.Release|Any CPU.ActiveCfg = Release|Any CPU
		{9ADD52AA-6B7D-4934-9150-960D32D24FC5}.Release|Any CPU.Build.0 = Release|Any CPU
		{8BF15FB3-DCF5-4B50-B10A-ECA602931717}.Debug|Any CPU.ActiveCfg = Debug|Any CPU
		{8BF15FB3-DCF5-4B50-B10A-ECA602931717}.Debug|Any CPU.Build.0 = Debug|Any CPU
		{8BF15FB3-DCF5-4B50-B10A-ECA602931717}.Release|Any CPU.ActiveCfg = Release|Any CPU
		{8BF15FB3-DCF5-4B50-B10A-ECA602931717}.Release|Any CPU.Build.0 = Release|Any CPU
		{750E229F-51EA-402E-8C55-3F4F71501077}.Debug|Any CPU.ActiveCfg = Debug|Any CPU
		{750E229F-51EA-402E-8C55-3F4F71501077}.Debug|Any CPU.Build.0 = Debug|Any CPU
		{750E229F-51EA-402E-8C55-3F4F71501077}.Release|Any CPU.ActiveCfg = Release|Any CPU
		{750E229F-51EA-402E-8C55-3F4F71501077}.Release|Any CPU.Build.0 = Release|Any CPU
		{80C26227-1367-4F1B-8E40-37419935C7B2}.Debug|Any CPU.ActiveCfg = Debug|Any CPU
		{80C26227-1367-4F1B-8E40-37419935C7B2}.Debug|Any CPU.Build.0 = Debug|Any CPU
		{80C26227-1367-4F1B-8E40-37419935C7B2}.Release|Any CPU.ActiveCfg = Release|Any CPU
		{80C26227-1367-4F1B-8E40-37419935C7B2}.Release|Any CPU.Build.0 = Release|Any CPU
		{0295DAD2-1CE7-4B9A-9BBE-7151DDE296C5}.Debug|Any CPU.ActiveCfg = Debug|Any CPU
		{0295DAD2-1CE7-4B9A-9BBE-7151DDE296C5}.Debug|Any CPU.Build.0 = Debug|Any CPU
		{0295DAD2-1CE7-4B9A-9BBE-7151DDE296C5}.Release|Any CPU.ActiveCfg = Release|Any CPU
		{0295DAD2-1CE7-4B9A-9BBE-7151DDE296C5}.Release|Any CPU.Build.0 = Release|Any CPU
		{D86E8082-A362-409E-A99B-48C47FBC3EFC}.Debug|Any CPU.ActiveCfg = Debug|Any CPU
		{D86E8082-A362-409E-A99B-48C47FBC3EFC}.Debug|Any CPU.Build.0 = Debug|Any CPU
		{D86E8082-A362-409E-A99B-48C47FBC3EFC}.Release|Any CPU.ActiveCfg = Release|Any CPU
		{D86E8082-A362-409E-A99B-48C47FBC3EFC}.Release|Any CPU.Build.0 = Release|Any CPU
		{E34679FA-15DE-4B71-986C-99AA85C60449}.Debug|Any CPU.ActiveCfg = Debug|Any CPU
		{E34679FA-15DE-4B71-986C-99AA85C60449}.Debug|Any CPU.Build.0 = Debug|Any CPU
		{E34679FA-15DE-4B71-986C-99AA85C60449}.Release|Any CPU.ActiveCfg = Release|Any CPU
		{E34679FA-15DE-4B71-986C-99AA85C60449}.Release|Any CPU.Build.0 = Release|Any CPU
		{4899112D-E575-4F83-87BA-C215B17BFE64}.Debug|Any CPU.ActiveCfg = Debug|Any CPU
		{4899112D-E575-4F83-87BA-C215B17BFE64}.Debug|Any CPU.Build.0 = Debug|Any CPU
		{4899112D-E575-4F83-87BA-C215B17BFE64}.Release|Any CPU.ActiveCfg = Release|Any CPU
		{4899112D-E575-4F83-87BA-C215B17BFE64}.Release|Any CPU.Build.0 = Release|Any CPU
		{E4DA2DBE-B2C5-4E8D-BD1D-870DDDEF3A15}.Debug|Any CPU.ActiveCfg = Debug|Any CPU
		{E4DA2DBE-B2C5-4E8D-BD1D-870DDDEF3A15}.Debug|Any CPU.Build.0 = Debug|Any CPU
		{E4DA2DBE-B2C5-4E8D-BD1D-870DDDEF3A15}.Release|Any CPU.ActiveCfg = Release|Any CPU
		{E4DA2DBE-B2C5-4E8D-BD1D-870DDDEF3A15}.Release|Any CPU.Build.0 = Release|Any CPU
	EndGlobalSection
	GlobalSection(SolutionProperties) = preSolution
		HideSolutionNode = FALSE
	EndGlobalSection
	GlobalSection(NestedProjects) = preSolution
		{01B7F227-CE8F-41FD-9AF8-6AF5E5259161} = {CFFB1EB9-6447-4C20-8400-27D7E2B04508}
		{84E05683-0E4A-4FB1-8FD4-9F0C509BC74C} = {CFFB1EB9-6447-4C20-8400-27D7E2B04508}
		{CD9A8AA1-5CAB-4218-91C5-2550BB86354A} = {01B7F227-CE8F-41FD-9AF8-6AF5E5259161}
		{A6D04B11-0C09-4361-B044-B743F61D9E06} = {01B7F227-CE8F-41FD-9AF8-6AF5E5259161}
		{EAE0F331-1D99-42F6-9926-34C3EAD78BBF} = {01B7F227-CE8F-41FD-9AF8-6AF5E5259161}
		{4EA615C5-8C04-4EA1-91DA-C86DA54D2E63} = {01B7F227-CE8F-41FD-9AF8-6AF5E5259161}
		{54635492-7F95-449B-8C5B-493566F68D4A} = {01B7F227-CE8F-41FD-9AF8-6AF5E5259161}
		{00AA7CFA-B348-4303-B3D0-40750DA10B94} = {01B7F227-CE8F-41FD-9AF8-6AF5E5259161}
		{11C509DD-21AC-415F-B2F2-EB58985F2703} = {84E05683-0E4A-4FB1-8FD4-9F0C509BC74C}
		{78EA22FC-B933-4349-A097-556A076009F1} = {11C509DD-21AC-415F-B2F2-EB58985F2703}
		{D0D4D281-24C1-4EE0-88D6-01FA18B90442} = {11C509DD-21AC-415F-B2F2-EB58985F2703}
		{1A88B2CE-A954-4709-B15E-F6F1210AD2FD} = {11C509DD-21AC-415F-B2F2-EB58985F2703}
		{53D6E924-1C32-4039-8192-CE1BEA129C61} = {11C509DD-21AC-415F-B2F2-EB58985F2703}
		{54568B1F-31E7-4BA3-A2ED-826E85050603} = {11C509DD-21AC-415F-B2F2-EB58985F2703}
		{F8E7FE6A-9431-4FBA-8251-8E9EDA54D67D} = {84E05683-0E4A-4FB1-8FD4-9F0C509BC74C}
		{2C0FD530-27B9-4C7B-805F-895FAFAB9302} = {F8E7FE6A-9431-4FBA-8251-8E9EDA54D67D}
		{9ADD52AA-6B7D-4934-9150-960D32D24FC5} = {F8E7FE6A-9431-4FBA-8251-8E9EDA54D67D}
		{8BF15FB3-DCF5-4B50-B10A-ECA602931717} = {F8E7FE6A-9431-4FBA-8251-8E9EDA54D67D}
		{750E229F-51EA-402E-8C55-3F4F71501077} = {F8E7FE6A-9431-4FBA-8251-8E9EDA54D67D}
		{80C26227-1367-4F1B-8E40-37419935C7B2} = {F8E7FE6A-9431-4FBA-8251-8E9EDA54D67D}
		{BB5FE556-7C54-4BB7-A73D-FA47E95C2BB0} = {84E05683-0E4A-4FB1-8FD4-9F0C509BC74C}
		{0295DAD2-1CE7-4B9A-9BBE-7151DDE296C5} = {BB5FE556-7C54-4BB7-A73D-FA47E95C2BB0}
		{D86E8082-A362-409E-A99B-48C47FBC3EFC} = {BB5FE556-7C54-4BB7-A73D-FA47E95C2BB0}
		{E34679FA-15DE-4B71-986C-99AA85C60449} = {BB5FE556-7C54-4BB7-A73D-FA47E95C2BB0}
		{4899112D-E575-4F83-87BA-C215B17BFE64} = {BB5FE556-7C54-4BB7-A73D-FA47E95C2BB0}
		{E4DA2DBE-B2C5-4E8D-BD1D-870DDDEF3A15} = {BB5FE556-7C54-4BB7-A73D-FA47E95C2BB0}
	EndGlobalSection
	GlobalSection(ExtensibilityGlobals) = postSolution
		SolutionGuid = {C127633B-AB1B-43AE-A516-DCF06F13F757}
	EndGlobalSection
EndGlobal
